# This file was autogenerated by Stack.
# You should not edit this file by hand.
# For more information, please see the documentation at:
#   https://docs.haskellstack.org/en/stable/lock_files

packages:
- completed:
    name: smcdel
    version: 1.1.0
    git: https://github.com/jrclogic/SMCDEL.git
    pantry-tree:
      size: 4242
      sha256: c335ee7e225033c97cfcfbfbe7ee425fbed1502798d07c22cc5f70dcd9b599e6
    commit: 10bd5ba2f1f3cc85e4b0f23d5eddbb26f05df5bf
  original:
    git: https://github.com/jrclogic/SMCDEL.git
    commit: 10bd5ba2f1f3cc85e4b0f23d5eddbb26f05df5bf
- completed:
    hackage: HasCacBDD-0.1.0.3@sha256:74272b9dcd8a95141b241841b45a23e861d18973cfed436af3d4fff3344ba4dd,1700
    pantry-tree:
      size: 1675
      sha256: a0b38a75520f1d9a019b6966d167c1f451f030fd04fa79b67114c45f416fcd19
  original:
    hackage: HasCacBDD-0.1.0.3@sha256:74272b9dcd8a95141b241841b45a23e861d18973cfed436af3d4fff3344ba4dd,1700
- completed:
    name: cudd
    version: 0.1.0.0
    git: https://github.com/m4lvin/cudd.git
    pantry-tree:
      size: 20735
      sha256: 365d09937f4757ea673b5092fc799234f65635801adbfb94fb7cdb315ea6c1ac
    commit: 32f7d6b764a80bbf8f84c07e2c1d691469aaaba0
  original:
    git: https://github.com/m4lvin/cudd.git
    commit: 32f7d6b764a80bbf8f84c07e2c1d691469aaaba0
snapshots:
- completed:
    size: 533252
    url: https://raw.githubusercontent.com/commercialhaskell/stackage-snapshots/master/lts/16/27.yaml
    sha256: c2aaae52beeacf6a5727c1010f50e89d03869abfab6d2c2658ade9da8ed50c73
  original: lts-16.27
